
Microsoft Visual Studio Solution File, Format Version 12.00
# Visual Studio 2012
Project("{FAE04EC0-301F-11D3-BF4B-00C04F79EFBC}") = "ModernSkins", "ModernSkins\ModernSkins.csproj", "{93634CF9-C315-48C5-A3F7-342D840D5BBC}"
EndProject
Project("{FAE04EC0-301F-11D3-BF4B-00C04F79EFBC}") = "ModernSkins.Tests", "ModernSkins.Tests\ModernSkins.Tests.csproj", "{4EDE3D80-E9E2-4A4E-A195-BD4AFCB0892C}"
EndProject
Project("{2150E333-8FDC-42A3-9474-1A3956D46DE8}") = ".nuget", ".nuget", "{71905157-C217-406B-A705-5A3CC3D1ECE0}"
	ProjectSection(SolutionItems) = preProject
		.nuget\NuGet.Config = .nuget\NuGet.Config
		.nuget\NuGet.exe = .nuget\NuGet.exe
		.nuget\NuGet.targets = .nuget\NuGet.targets
	EndProjectSection
EndProject
Project("{FAE04EC0-301F-11D3-BF4B-00C04F79EFBC}") = "ModernSkins.ExampleWebsite", "ModernSkins.ExampleWebsite\ModernSkins.ExampleWebsite.csproj", "{4E6786EB-63A1-4AE3-B8AC-777915EEED92}"
EndProject
Global
	GlobalSection(SolutionConfigurationPlatforms) = preSolution
		Debug|Any CPU = Debug|Any CPU
		Release|Any CPU = Release|Any CPU
	EndGlobalSection
	GlobalSection(ProjectConfigurationPlatforms) = postSolution
		{93634CF9-C315-48C5-A3F7-342D840D5BBC}.Debug|Any CPU.ActiveCfg = Debug|Any CPU
		{93634CF9-C315-48C5-A3F7-342D840D5BBC}.Debug|Any CPU.Build.0 = Debug|Any CPU
		{93634CF9-C315-48C5-A3F7-342D840D5BBC}.Release|Any CPU.ActiveCfg = Release|Any CPU
		{93634CF9-C315-48C5-A3F7-342D840D5BBC}.Release|Any CPU.Build.0 = Release|Any CPU
		{4EDE3D80-E9E2-4A4E-A195-BD4AFCB0892C}.Debug|Any CPU.ActiveCfg = Debug|Any CPU
		{4EDE3D80-E9E2-4A4E-A195-BD4AFCB0892C}.Debug|Any CPU.Build.0 = Debug|Any CPU
		{4EDE3D80-E9E2-4A4E-A195-BD4AFCB0892C}.Release|Any CPU.ActiveCfg = Release|Any CPU
		{4EDE3D80-E9E2-4A4E-A195-BD4AFCB0892C}.Release|Any CPU.Build.0 = Release|Any CPU
		{4E6786EB-63A1-4AE3-B8AC-777915EEED92}.Debug|Any CPU.ActiveCfg = Debug|Any CPU
		{4E6786EB-63A1-4AE3-B8AC-777915EEED92}.Debug|Any CPU.Build.0 = Debug|Any CPU
		{4E6786EB-63A1-4AE3-B8AC-777915EEED92}.Release|Any CPU.ActiveCfg = Release|Any CPU
		{4E6786EB-63A1-4AE3-B8AC-777915EEED92}.Release|Any CPU.Build.0 = Release|Any CPU
	EndGlobalSection
	GlobalSection(SolutionProperties) = preSolution
		HideSolutionNode = FALSE
	EndGlobalSection
EndGlobal
